
Microsoft Visual Studio Solution File, Format Version 12.00
# Visual Studio Version 17
VisualStudioVersion = 17.7.34031.279
MinimumVisualStudioVersion = 10.0.40219.1
Project("{2150E333-8FDC-42A3-9474-1A3956D46DE8}") = "Solution Items", "Solution Items", "{8FC526EA-218B-4615-8410-4E1850611F38}"
	ProjectSection(SolutionItems) = preProject
		.editorconfig = .editorconfig
		Directory.Build.props = Directory.Build.props
		Directory.Packages.props = Directory.Packages.props
		README.md = README.md
	EndProjectSection
EndProject
Project("{2150E333-8FDC-42A3-9474-1A3956D46DE8}") = "ToDoModule", "ToDoModule", "{64A28C1B-09AF-426E-8721-D002BE554B48}"
EndProject
Project("{2150E333-8FDC-42A3-9474-1A3956D46DE8}") = "ModuleTests", "ModuleTests", "{1EB88D85-BE1E-46DE-99A2-2F02363060AF}"
EndProject
Project("{FAE04EC0-301F-11D3-BF4B-00C04F79EFBC}") = "Core", "Core\Core.csproj", "{5ED06CAD-956C-C94D-BC0C-E89E30A887C2}"
EndProject
Project("{FAE04EC0-301F-11D3-BF4B-00C04F79EFBC}") = "API", "API\API.csproj", "{CBFA08EA-AECE-205F-7B85-326FD0B81BAD}"
EndProject
Project("{2150E333-8FDC-42A3-9474-1A3956D46DE8}") = "Modules", "Modules", "{02EA681E-C7D8-13C7-8484-4AC65E1B71E8}"
EndProject
Project("{2150E333-8FDC-42A3-9474-1A3956D46DE8}") = "TicktingModule", "TicktingModule", "{EEB40F0E-1178-4BEA-A464-10D5C5D22F68}"
EndProject
Project("{FAE04EC0-301F-11D3-BF4B-00C04F79EFBC}") = "UnitTests", "Modules\ToDoModule\ModuleTests\UnitTests\UnitTests.csproj", "{B3CAFADF-0C95-4805-9B12-A9653FEDEE2F}"
EndProject
Project("{FAE04EC0-301F-11D3-BF4B-00C04F79EFBC}") = "IntegrationTests", "Modules\ToDoModule\ModuleTests\IntegrationTests\IntegrationTests.csproj", "{F06C2094-2DDC-3B76-CD25-DACC19AAB513}"
EndProject
Project("{FAE04EC0-301F-11D3-BF4B-00C04F79EFBC}") = "Application", "Modules\ToDoModule\Application\Application.csproj", "{82CA0492-A2EA-5AE9-7802-A6C3D69E18E0}"
EndProject
Project("{FAE04EC0-301F-11D3-BF4B-00C04F79EFBC}") = "Domain", "Modules\ToDoModule\Domain\Domain.csproj", "{C56EEE0C-85BF-3DB5-0EC3-499A4EA51883}"
EndProject
Project("{FAE04EC0-301F-11D3-BF4B-00C04F79EFBC}") = "Infrastructure", "Modules\ToDoModule\Infrastructure\Infrastructure.csproj", "{3C852A74-2722-A539-880F-972254BA9E69}"
EndProject
Project("{FAE04EC0-301F-11D3-BF4B-00C04F79EFBC}") = "ToDo.Api", "Modules\ToDoModule\ToDo.Api\ToDo.Api.csproj", "{C5141484-311F-8634-5065-36A076F3F356}"
EndProject
Project("{FAE04EC0-301F-11D3-BF4B-00C04F79EFBC}") = "Ticketing.Api", "Modules\TicketingModule\Ticketing.Api\Ticketing.Api.csproj", "{C42BE6A7-FCFC-C168-1306-B326200AB8C9}"
EndProject
Project("{FAE04EC0-301F-11D3-BF4B-00C04F79EFBC}") = "SharedKernel", "Modules\SharedKernel\SharedKernel.csproj", "{7083A3BE-8B65-8A3E-F364-FACDCA43834C}"
EndProject
Global
	GlobalSection(SolutionConfigurationPlatforms) = preSolution
		Debug|Any CPU = Debug|Any CPU
		Release|Any CPU = Release|Any CPU
	EndGlobalSection
	GlobalSection(ProjectConfigurationPlatforms) = postSolution
		{5ED06CAD-956C-C94D-BC0C-E89E30A887C2}.Debug|Any CPU.ActiveCfg = Debug|Any CPU
		{5ED06CAD-956C-C94D-BC0C-E89E30A887C2}.Debug|Any CPU.Build.0 = Debug|Any CPU
		{5ED06CAD-956C-C94D-BC0C-E89E30A887C2}.Release|Any CPU.ActiveCfg = Release|Any CPU
		{5ED06CAD-956C-C94D-BC0C-E89E30A887C2}.Release|Any CPU.Build.0 = Release|Any CPU
		{CBFA08EA-AECE-205F-7B85-326FD0B81BAD}.Debug|Any CPU.ActiveCfg = Debug|Any CPU
		{CBFA08EA-AECE-205F-7B85-326FD0B81BAD}.Debug|Any CPU.Build.0 = Debug|Any CPU
		{CBFA08EA-AECE-205F-7B85-326FD0B81BAD}.Release|Any CPU.ActiveCfg = Release|Any CPU
		{CBFA08EA-AECE-205F-7B85-326FD0B81BAD}.Release|Any CPU.Build.0 = Release|Any CPU
		{B3CAFADF-0C95-4805-9B12-A9653FEDEE2F}.Debug|Any CPU.ActiveCfg = Debug|Any CPU
		{B3CAFADF-0C95-4805-9B12-A9653FEDEE2F}.Debug|Any CPU.Build.0 = Debug|Any CPU
		{B3CAFADF-0C95-4805-9B12-A9653FEDEE2F}.Release|Any CPU.ActiveCfg = Release|Any CPU
		{B3CAFADF-0C95-4805-9B12-A9653FEDEE2F}.Release|Any CPU.Build.0 = Release|Any CPU
		{F06C2094-2DDC-3B76-CD25-DACC19AAB513}.Debug|Any CPU.ActiveCfg = Debug|Any CPU
		{F06C2094-2DDC-3B76-CD25-DACC19AAB513}.Debug|Any CPU.Build.0 = Debug|Any CPU
		{F06C2094-2DDC-3B76-CD25-DACC19AAB513}.Release|Any CPU.ActiveCfg = Release|Any CPU
		{F06C2094-2DDC-3B76-CD25-DACC19AAB513}.Release|Any CPU.Build.0 = Release|Any CPU
		{82CA0492-A2EA-5AE9-7802-A6C3D69E18E0}.Debug|Any CPU.ActiveCfg = Debug|Any CPU
		{82CA0492-A2EA-5AE9-7802-A6C3D69E18E0}.Debug|Any CPU.Build.0 = Debug|Any CPU
		{82CA0492-A2EA-5AE9-7802-A6C3D69E18E0}.Release|Any CPU.ActiveCfg = Release|Any CPU
		{82CA0492-A2EA-5AE9-7802-A6C3D69E18E0}.Release|Any CPU.Build.0 = Release|Any CPU
		{C56EEE0C-85BF-3DB5-0EC3-499A4EA51883}.Debug|Any CPU.ActiveCfg = Debug|Any CPU
		{C56EEE0C-85BF-3DB5-0EC3-499A4EA51883}.Debug|Any CPU.Build.0 = Debug|Any CPU
		{C56EEE0C-85BF-3DB5-0EC3-499A4EA51883}.Release|Any CPU.ActiveCfg = Release|Any CPU
		{C56EEE0C-85BF-3DB5-0EC3-499A4EA51883}.Release|Any CPU.Build.0 = Release|Any CPU
		{3C852A74-2722-A539-880F-972254BA9E69}.Debug|Any CPU.ActiveCfg = Debug|Any CPU
		{3C852A74-2722-A539-880F-972254BA9E69}.Debug|Any CPU.Build.0 = Debug|Any CPU
		{3C852A74-2722-A539-880F-972254BA9E69}.Release|Any CPU.ActiveCfg = Release|Any CPU
		{3C852A74-2722-A539-880F-972254BA9E69}.Release|Any CPU.Build.0 = Release|Any CPU
		{C5141484-311F-8634-5065-36A076F3F356}.Debug|Any CPU.ActiveCfg = Debug|Any CPU
		{C5141484-311F-8634-5065-36A076F3F356}.Debug|Any CPU.Build.0 = Debug|Any CPU
		{C5141484-311F-8634-5065-36A076F3F356}.Release|Any CPU.ActiveCfg = Release|Any CPU
		{C5141484-311F-8634-5065-36A076F3F356}.Release|Any CPU.Build.0 = Release|Any CPU
		{C42BE6A7-FCFC-C168-1306-B326200AB8C9}.Debug|Any CPU.ActiveCfg = Debug|Any CPU
		{C42BE6A7-FCFC-C168-1306-B326200AB8C9}.Debug|Any CPU.Build.0 = Debug|Any CPU
		{C42BE6A7-FCFC-C168-1306-B326200AB8C9}.Release|Any CPU.ActiveCfg = Release|Any CPU
		{C42BE6A7-FCFC-C168-1306-B326200AB8C9}.Release|Any CPU.Build.0 = Release|Any CPU
		{7083A3BE-8B65-8A3E-F364-FACDCA43834C}.Debug|Any CPU.ActiveCfg = Debug|Any CPU
		{7083A3BE-8B65-8A3E-F364-FACDCA43834C}.Debug|Any CPU.Build.0 = Debug|Any CPU
		{7083A3BE-8B65-8A3E-F364-FACDCA43834C}.Release|Any CPU.ActiveCfg = Release|Any CPU
		{7083A3BE-8B65-8A3E-F364-FACDCA43834C}.Release|Any CPU.Build.0 = Release|Any CPU
	EndGlobalSection
	GlobalSection(SolutionProperties) = preSolution
		HideSolutionNode = FALSE
	EndGlobalSection
	GlobalSection(NestedProjects) = preSolution
		{64A28C1B-09AF-426E-8721-D002BE554B48} = {02EA681E-C7D8-13C7-8484-4AC65E1B71E8}
		{1EB88D85-BE1E-46DE-99A2-2F02363060AF} = {64A28C1B-09AF-426E-8721-D002BE554B48}
		{EEB40F0E-1178-4BEA-A464-10D5C5D22F68} = {02EA681E-C7D8-13C7-8484-4AC65E1B71E8}
		{B3CAFADF-0C95-4805-9B12-A9653FEDEE2F} = {1EB88D85-BE1E-46DE-99A2-2F02363060AF}
		{F06C2094-2DDC-3B76-CD25-DACC19AAB513} = {1EB88D85-BE1E-46DE-99A2-2F02363060AF}
		{82CA0492-A2EA-5AE9-7802-A6C3D69E18E0} = {64A28C1B-09AF-426E-8721-D002BE554B48}
		{C56EEE0C-85BF-3DB5-0EC3-499A4EA51883} = {64A28C1B-09AF-426E-8721-D002BE554B48}
		{3C852A74-2722-A539-880F-972254BA9E69} = {64A28C1B-09AF-426E-8721-D002BE554B48}
		{C5141484-311F-8634-5065-36A076F3F356} = {64A28C1B-09AF-426E-8721-D002BE554B48}
		{C42BE6A7-FCFC-C168-1306-B326200AB8C9} = {EEB40F0E-1178-4BEA-A464-10D5C5D22F68}
		{7083A3BE-8B65-8A3E-F364-FACDCA43834C} = {02EA681E-C7D8-13C7-8484-4AC65E1B71E8}
	EndGlobalSection
	GlobalSection(ExtensibilityGlobals) = postSolution
		SolutionGuid = {B948A3CC-9872-4612-ABD2-BB3D49671542}
	EndGlobalSection
EndGlobal
